
Microsoft Visual Studio Solution File, Format Version 12.00
# Visual Studio 15
VisualStudioVersion = 15.0.26430.6
MinimumVisualStudioVersion = 10.0.40219.1
Project("{FAE04EC0-301F-11D3-BF4B-00C04F79EFBC}") = "Destiny.WebApi", "Destiny.WebApi\Destiny.WebApi.csproj", "{A3FC4707-DD85-4D05-8EA4-8FB0A1223D78}"
EndProject
Project("{FAE04EC0-301F-11D3-BF4B-00C04F79EFBC}") = "Destiny.Domain", "Destiny.Domain\Destiny.Domain.csproj", "{829CE5A2-0FD7-48BB-A116-11F6E0210027}"
EndProject
Project("{FAE04EC0-301F-11D3-BF4B-00C04F79EFBC}") = "Destiny.Data", "Destiny.Data\Destiny.Data.csproj", "{93E069E8-E723-480D-9CFB-B6DDFD1F2032}"
EndProject
Project("{FAE04EC0-301F-11D3-BF4B-00C04F79EFBC}") = "Destiny.UnitTests", "Destiny.UnitTests\Destiny.UnitTests.csproj", "{4ABC75BF-D401-4730-BF1D-0F32BAD10253}"
EndProject
Global
	GlobalSection(SolutionConfigurationPlatforms) = preSolution
		Debug|Any CPU = Debug|Any CPU
		Release|Any CPU = Release|Any CPU
	EndGlobalSection
	GlobalSection(ProjectConfigurationPlatforms) = postSolution
		{A3FC4707-DD85-4D05-8EA4-8FB0A1223D78}.Debug|Any CPU.ActiveCfg = Debug|Any CPU
		{A3FC4707-DD85-4D05-8EA4-8FB0A1223D78}.Debug|Any CPU.Build.0 = Debug|Any CPU
		{A3FC4707-DD85-4D05-8EA4-8FB0A1223D78}.Release|Any CPU.ActiveCfg = Release|Any CPU
		{A3FC4707-DD85-4D05-8EA4-8FB0A1223D78}.Release|Any CPU.Build.0 = Release|Any CPU
		{829CE5A2-0FD7-48BB-A116-11F6E0210027}.Debug|Any CPU.ActiveCfg = Debug|Any CPU
		{829CE5A2-0FD7-48BB-A116-11F6E0210027}.Debug|Any CPU.Build.0 = Debug|Any CPU
		{829CE5A2-0FD7-48BB-A116-11F6E0210027}.Release|Any CPU.ActiveCfg = Release|Any CPU
		{829CE5A2-0FD7-48BB-A116-11F6E0210027}.Release|Any CPU.Build.0 = Release|Any CPU
		{93E069E8-E723-480D-9CFB-B6DDFD1F2032}.Debug|Any CPU.ActiveCfg = Debug|Any CPU
		{93E069E8-E723-480D-9CFB-B6DDFD1F2032}.Debug|Any CPU.Build.0 = Debug|Any CPU
		{93E069E8-E723-480D-9CFB-B6DDFD1F2032}.Release|Any CPU.ActiveCfg = Release|Any CPU
		{93E069E8-E723-480D-9CFB-B6DDFD1F2032}.Release|Any CPU.Build.0 = Release|Any CPU
		{4ABC75BF-D401-4730-BF1D-0F32BAD10253}.Debug|Any CPU.ActiveCfg = Debug|Any CPU
		{4ABC75BF-D401-4730-BF1D-0F32BAD10253}.Debug|Any CPU.Build.0 = Debug|Any CPU
		{4ABC75BF-D401-4730-BF1D-0F32BAD10253}.Release|Any CPU.ActiveCfg = Release|Any CPU
		{4ABC75BF-D401-4730-BF1D-0F32BAD10253}.Release|Any CPU.Build.0 = Release|Any CPU
	EndGlobalSection
	GlobalSection(SolutionProperties) = preSolution
		HideSolutionNode = FALSE
	EndGlobalSection
EndGlobal
